
Microsoft Visual Studio Solution File, Format Version 12.00
# Visual Studio 15
VisualStudioVersion = 15.0.28307.489
MinimumVisualStudioVersion = 10.0.40219.1
Project("{FAE04EC0-301F-11D3-BF4B-00C04F79EFBC}") = "pda.Android", "pda\pda.Android\pda.Android.csproj", "{94EE884D-D3EA-46ED-8545-D100339AC33C}"
EndProject
Project("{FAE04EC0-301F-11D3-BF4B-00C04F79EFBC}") = "pda.iOS", "pda\pda.iOS\pda.iOS.csproj", "{023F1AD4-0256-4AAD-8B8C-C3739D72F62C}"
EndProject
Project("{FAE04EC0-301F-11D3-BF4B-00C04F79EFBC}") = "pda.UWP", "pda\pda.UWP\pda.UWP.csproj", "{161286AC-6121-4A36-A5A0-BC8CB12EE22E}"
EndProject
Project("{FAE04EC0-301F-11D3-BF4B-00C04F79EFBC}") = "pda", "pda\pda\pda.csproj", "{85D0412B-8E9C-4D29-81FF-ED0DE795764F}"
EndProject
Global
	GlobalSection(SolutionConfigurationPlatforms) = preSolution
		Ad-Hoc|Any CPU = Ad-Hoc|Any CPU
		Ad-Hoc|ARM = Ad-Hoc|ARM
		Ad-Hoc|iPhone = Ad-Hoc|iPhone
		Ad-Hoc|iPhoneSimulator = Ad-Hoc|iPhoneSimulator
		Ad-Hoc|x64 = Ad-Hoc|x64
		Ad-Hoc|x86 = Ad-Hoc|x86
		AppStore|Any CPU = AppStore|Any CPU
		AppStore|ARM = AppStore|ARM
		AppStore|iPhone = AppStore|iPhone
		AppStore|iPhoneSimulator = AppStore|iPhoneSimulator
		AppStore|x64 = AppStore|x64
		AppStore|x86 = AppStore|x86
		Debug|Any CPU = Debug|Any CPU
		Debug|ARM = Debug|ARM
		Debug|iPhone = Debug|iPhone
		Debug|iPhoneSimulator = Debug|iPhoneSimulator
		Debug|x64 = Debug|x64
		Debug|x86 = Debug|x86
		Release|Any CPU = Release|Any CPU
		Release|ARM = Release|ARM
		Release|iPhone = Release|iPhone
		Release|iPhoneSimulator = Release|iPhoneSimulator
		Release|x64 = Release|x64
		Release|x86 = Release|x86
	EndGlobalSection
	GlobalSection(ProjectConfigurationPlatforms) = postSolution
		{94EE884D-D3EA-46ED-8545-D100339AC33C}.Ad-Hoc|Any CPU.ActiveCfg = Release|Any CPU
		{94EE884D-D3EA-46ED-8545-D100339AC33C}.Ad-Hoc|Any CPU.Build.0 = Release|Any CPU
		{94EE884D-D3EA-46ED-8545-D100339AC33C}.Ad-Hoc|Any CPU.Deploy.0 = Release|Any CPU
		{94EE884D-D3EA-46ED-8545-D100339AC33C}.Ad-Hoc|ARM.ActiveCfg = Release|Any CPU
		{94EE884D-D3EA-46ED-8545-D100339AC33C}.Ad-Hoc|ARM.Build.0 = Release|Any CPU
		{94EE884D-D3EA-46ED-8545-D100339AC33C}.Ad-Hoc|ARM.Deploy.0 = Release|Any CPU
		{94EE884D-D3EA-46ED-8545-D100339AC33C}.Ad-Hoc|iPhone.ActiveCfg = Release|Any CPU
		{94EE884D-D3EA-46ED-8545-D100339AC33C}.Ad-Hoc|iPhone.Build.0 = Release|Any CPU
		{94EE884D-D3EA-46ED-8545-D100339AC33C}.Ad-Hoc|iPhone.Deploy.0 = Release|Any CPU
		{94EE884D-D3EA-46ED-8545-D100339AC33C}.Ad-Hoc|iPhoneSimulator.ActiveCfg = Release|Any CPU
		{94EE884D-D3EA-46ED-8545-D100339AC33C}.Ad-Hoc|iPhoneSimulator.Build.0 = Release|Any CPU
		{94EE884D-D3EA-46ED-8545-D100339AC33C}.Ad-Hoc|iPhoneSimulator.Deploy.0 = Release|Any CPU
		{94EE884D-D3EA-46ED-8545-D100339AC33C}.Ad-Hoc|x64.ActiveCfg = Release|Any CPU
		{94EE884D-D3EA-46ED-8545-D100339AC33C}.Ad-Hoc|x64.Build.0 = Release|Any CPU
		{94EE884D-D3EA-46ED-8545-D100339AC33C}.Ad-Hoc|x64.Deploy.0 = Release|Any CPU
		{94EE884D-D3EA-46ED-8545-D100339AC33C}.Ad-Hoc|x86.ActiveCfg = Release|Any CPU
		{94EE884D-D3EA-46ED-8545-D100339AC33C}.Ad-Hoc|x86.Build.0 = Release|Any CPU
		{94EE884D-D3EA-46ED-8545-D100339AC33C}.Ad-Hoc|x86.Deploy.0 = Release|Any CPU
		{94EE884D-D3EA-46ED-8545-D100339AC33C}.AppStore|Any CPU.ActiveCfg = Release|Any CPU
		{94EE884D-D3EA-46ED-8545-D100339AC33C}.AppStore|Any CPU.Build.0 = Release|Any CPU
		{94EE884D-D3EA-46ED-8545-D100339AC33C}.AppStore|Any CPU.Deploy.0 = Release|Any CPU
		{94EE884D-D3EA-46ED-8545-D100339AC33C}.AppStore|ARM.ActiveCfg = Release|Any CPU
		{94EE884D-D3EA-46ED-8545-D100339AC33C}.AppStore|ARM.Build.0 = Release|Any CPU
		{94EE884D-D3EA-46ED-8545-D100339AC33C}.AppStore|ARM.Deploy.0 = Release|Any CPU
		{94EE884D-D3EA-46ED-8545-D100339AC33C}.AppStore|iPhone.ActiveCfg = Release|Any CPU
		{94EE884D-D3EA-46ED-8545-D100339AC33C}.AppStore|iPhone.Build.0 = Release|Any CPU
		{94EE884D-D3EA-46ED-8545-D100339AC33C}.AppStore|iPhone.Deploy.0 = Release|Any CPU
		{94EE884D-D3EA-46ED-8545-D100339AC33C}.AppStore|iPhoneSimulator.ActiveCfg = Release|Any CPU
		{94EE884D-D3EA-46ED-8545-D100339AC33C}.AppStore|iPhoneSimulator.Build.0 = Release|Any CPU
		{94EE884D-D3EA-46ED-8545-D100339AC33C}.AppStore|iPhoneSimulator.Deploy.0 = Release|Any CPU
		{94EE884D-D3EA-46ED-8545-D100339AC33C}.AppStore|x64.ActiveCfg = Release|Any CPU
		{94EE884D-D3EA-46ED-8545-D100339AC33C}.AppStore|x64.Build.0 = Release|Any CPU
		{94EE884D-D3EA-46ED-8545-D100339AC33C}.AppStore|x64.Deploy.0 = Release|Any CPU
		{94EE884D-D3EA-46ED-8545-D100339AC33C}.AppStore|x86.ActiveCfg = Release|Any CPU
		{94EE884D-D3EA-46ED-8545-D100339AC33C}.AppStore|x86.Build.0 = Release|Any CPU
		{94EE884D-D3EA-46ED-8545-D100339AC33C}.AppStore|x86.Deploy.0 = Release|Any CPU
		{94EE884D-D3EA-46ED-8545-D100339AC33C}.Debug|Any CPU.ActiveCfg = Debug|Any CPU
		{94EE884D-D3EA-46ED-8545-D100339AC33C}.Debug|Any CPU.Build.0 = Debug|Any CPU
		{94EE884D-D3EA-46ED-8545-D100339AC33C}.Debug|Any CPU.Deploy.0 = Debug|Any CPU
		{94EE884D-D3EA-46ED-8545-D100339AC33C}.Debug|ARM.ActiveCfg = Debug|Any CPU
		{94EE884D-D3EA-46ED-8545-D100339AC33C}.Debug|ARM.Build.0 = Debug|Any CPU
		{94EE884D-D3EA-46ED-8545-D100339AC33C}.Debug|ARM.Deploy.0 = Debug|Any CPU
		{94EE884D-D3EA-46ED-8545-D100339AC33C}.Debug|iPhone.ActiveCfg = Debug|Any CPU
		{94EE884D-D3EA-46ED-8545-D100339AC33C}.Debug|iPhone.Build.0 = Debug|Any CPU
		{94EE884D-D3EA-46ED-8545-D100339AC33C}.Debug|iPhone.Deploy.0 = Debug|Any CPU
		{94EE884D-D3EA-46ED-8545-D100339AC33C}.Debug|iPhoneSimulator.ActiveCfg = Debug|Any CPU
		{94EE884D-D3EA-46ED-8545-D100339AC33C}.Debug|iPhoneSimulator.Build.0 = Debug|Any CPU
		{94EE884D-D3EA-46ED-8545-D100339AC33C}.Debug|iPhoneSimulator.Deploy.0 = Debug|Any CPU
		{94EE884D-D3EA-46ED-8545-D100339AC33C}.Debug|x64.ActiveCfg = Debug|Any CPU
		{94EE884D-D3EA-46ED-8545-D100339AC33C}.Debug|x64.Build.0 = Debug|Any CPU
		{94EE884D-D3EA-46ED-8545-D100339AC33C}.Debug|x64.Deploy.0 = Debug|Any CPU
		{94EE884D-D3EA-46ED-8545-D100339AC33C}.Debug|x86.ActiveCfg = Debug|Any CPU
		{94EE884D-D3EA-46ED-8545-D100339AC33C}.Debug|x86.Build.0 = Debug|Any CPU
		{94EE884D-D3EA-46ED-8545-D100339AC33C}.Debug|x86.Deploy.0 = Debug|Any CPU
		{94EE884D-D3EA-46ED-8545-D100339AC33C}.Release|Any CPU.ActiveCfg = Release|Any CPU
		{94EE884D-D3EA-46ED-8545-D100339AC33C}.Release|Any CPU.Build.0 = Release|Any CPU
		{94EE884D-D3EA-46ED-8545-D100339AC33C}.Release|Any CPU.Deploy.0 = Release|Any CPU
		{94EE884D-D3EA-46ED-8545-D100339AC33C}.Release|ARM.ActiveCfg = Release|Any CPU
		{94EE884D-D3EA-46ED-8545-D100339AC33C}.Release|ARM.Build.0 = Release|Any CPU
		{94EE884D-D3EA-46ED-8545-D100339AC33C}.Release|ARM.Deploy.0 = Release|Any CPU
		{94EE884D-D3EA-46ED-8545-D100339AC33C}.Release|iPhone.ActiveCfg = Release|Any CPU
		{94EE884D-D3EA-46ED-8545-D100339AC33C}.Release|iPhone.Build.0 = Release|Any CPU
		{94EE884D-D3EA-46ED-8545-D100339AC33C}.Release|iPhone.Deploy.0 = Release|Any CPU
		{94EE884D-D3EA-46ED-8545-D100339AC33C}.Release|iPhoneSimulator.ActiveCfg = Release|Any CPU
		{94EE884D-D3EA-46ED-8545-D100339AC33C}.Release|iPhoneSimulator.Build.0 = Release|Any CPU
		{94EE884D-D3EA-46ED-8545-D100339AC33C}.Release|iPhoneSimulator.Deploy.0 = Release|Any CPU
		{94EE884D-D3EA-46ED-8545-D100339AC33C}.Release|x64.ActiveCfg = Release|Any CPU
		{94EE884D-D3EA-46ED-8545-D100339AC33C}.Release|x64.Build.0 = Release|Any CPU
		{94EE884D-D3EA-46ED-8545-D100339AC33C}.Release|x64.Deploy.0 = Release|Any CPU
		{94EE884D-D3EA-46ED-8545-D100339AC33C}.Release|x86.ActiveCfg = Release|Any CPU
		{94EE884D-D3EA-46ED-8545-D100339AC33C}.Release|x86.Build.0 = Release|Any CPU
		{94EE884D-D3EA-46ED-8545-D100339AC33C}.Release|x86.Deploy.0 = Release|Any CPU
		{023F1AD4-0256-4AAD-8B8C-C3739D72F62C}.Ad-Hoc|Any CPU.ActiveCfg = Ad-Hoc|iPhone
		{023F1AD4-0256-4AAD-8B8C-C3739D72F62C}.Ad-Hoc|Any CPU.Build.0 = Ad-Hoc|iPhone
		{023F1AD4-0256-4AAD-8B8C-C3739D72F62C}.Ad-Hoc|Any CPU.Deploy.0 = Ad-Hoc|iPhone
		{023F1AD4-0256-4AAD-8B8C-C3739D72F62C}.Ad-Hoc|ARM.ActiveCfg = Ad-Hoc|iPhone
		{023F1AD4-0256-4AAD-8B8C-C3739D72F62C}.Ad-Hoc|ARM.Build.0 = Ad-Hoc|iPhone
		{023F1AD4-0256-4AAD-8B8C-C3739D72F62C}.Ad-Hoc|ARM.Deploy.0 = Ad-Hoc|iPhone
		{023F1AD4-0256-4AAD-8B8C-C3739D72F62C}.Ad-Hoc|iPhone.ActiveCfg = Ad-Hoc|iPhone
		{023F1AD4-0256-4AAD-8B8C-C3739D72F62C}.Ad-Hoc|iPhone.Build.0 = Ad-Hoc|iPhone
		{023F1AD4-0256-4AAD-8B8C-C3739D72F62C}.Ad-Hoc|iPhone.Deploy.0 = Ad-Hoc|iPhone
		{023F1AD4-0256-4AAD-8B8C-C3739D72F62C}.Ad-Hoc|iPhoneSimulator.ActiveCfg = Ad-Hoc|iPhoneSimulator
		{023F1AD4-0256-4AAD-8B8C-C3739D72F62C}.Ad-Hoc|iPhoneSimulator.Build.0 = Ad-Hoc|iPhoneSimulator
		{023F1AD4-0256-4AAD-8B8C-C3739D72F62C}.Ad-Hoc|iPhoneSimulator.Deploy.0 = Ad-Hoc|iPhoneSimulator
		{023F1AD4-0256-4AAD-8B8C-C3739D72F62C}.Ad-Hoc|x64.ActiveCfg = Ad-Hoc|iPhone
		{023F1AD4-0256-4AAD-8B8C-C3739D72F62C}.Ad-Hoc|x64.Build.0 = Ad-Hoc|iPhone
		{023F1AD4-0256-4AAD-8B8C-C3739D72F62C}.Ad-Hoc|x64.Deploy.0 = Ad-Hoc|iPhone
		{023F1AD4-0256-4AAD-8B8C-C3739D72F62C}.Ad-Hoc|x86.ActiveCfg = Ad-Hoc|iPhone
		{023F1AD4-0256-4AAD-8B8C-C3739D72F62C}.Ad-Hoc|x86.Build.0 = Ad-Hoc|iPhone
		{023F1AD4-0256-4AAD-8B8C-C3739D72F62C}.Ad-Hoc|x86.Deploy.0 = Ad-Hoc|iPhone
		{023F1AD4-0256-4AAD-8B8C-C3739D72F62C}.AppStore|Any CPU.ActiveCfg = AppStore|iPhone
		{023F1AD4-0256-4AAD-8B8C-C3739D72F62C}.AppStore|Any CPU.Build.0 = AppStore|iPhone
		{023F1AD4-0256-4AAD-8B8C-C3739D72F62C}.AppStore|Any CPU.Deploy.0 = AppStore|iPhone
		{023F1AD4-0256-4AAD-8B8C-C3739D72F62C}.AppStore|ARM.ActiveCfg = AppStore|iPhone
		{023F1AD4-0256-4AAD-8B8C-C3739D72F62C}.AppStore|ARM.Build.0 = AppStore|iPhone
		{023F1AD4-0256-4AAD-8B8C-C3739D72F62C}.AppStore|ARM.Deploy.0 = AppStore|iPhone
		{023F1AD4-0256-4AAD-8B8C-C3739D72F62C}.AppStore|iPhone.ActiveCfg = AppStore|iPhone
		{023F1AD4-0256-4AAD-8B8C-C3739D72F62C}.AppStore|iPhone.Build.0 = AppStore|iPhone
		{023F1AD4-0256-4AAD-8B8C-C3739D72F62C}.AppStore|iPhone.Deploy.0 = AppStore|iPhone
		{023F1AD4-0256-4AAD-8B8C-C3739D72F62C}.AppStore|iPhoneSimulator.ActiveCfg = AppStore|iPhoneSimulator
		{023F1AD4-0256-4AAD-8B8C-C3739D72F62C}.AppStore|iPhoneSimulator.Build.0 = AppStore|iPhoneSimulator
		{023F1AD4-0256-4AAD-8B8C-C3739D72F62C}.AppStore|iPhoneSimulator.Deploy.0 = AppStore|iPhoneSimulator
		{023F1AD4-0256-4AAD-8B8C-C3739D72F62C}.AppStore|x64.ActiveCfg = AppStore|iPhone
		{023F1AD4-0256-4AAD-8B8C-C3739D72F62C}.AppStore|x64.Build.0 = AppStore|iPhone
		{023F1AD4-0256-4AAD-8B8C-C3739D72F62C}.AppStore|x64.Deploy.0 = AppStore|iPhone
		{023F1AD4-0256-4AAD-8B8C-C3739D72F62C}.AppStore|x86.ActiveCfg = AppStore|iPhone
		{023F1AD4-0256-4AAD-8B8C-C3739D72F62C}.AppStore|x86.Build.0 = AppStore|iPhone
		{023F1AD4-0256-4AAD-8B8C-C3739D72F62C}.AppStore|x86.Deploy.0 = AppStore|iPhone
		{023F1AD4-0256-4AAD-8B8C-C3739D72F62C}.Debug|Any CPU.ActiveCfg = Debug|iPhoneSimulator
		{023F1AD4-0256-4AAD-8B8C-C3739D72F62C}.Debug|Any CPU.Build.0 = Debug|iPhoneSimulator
		{023F1AD4-0256-4AAD-8B8C-C3739D72F62C}.Debug|Any CPU.Deploy.0 = Debug|iPhoneSimulator
		{023F1AD4-0256-4AAD-8B8C-C3739D72F62C}.Debug|ARM.ActiveCfg = Debug|iPhone
		{023F1AD4-0256-4AAD-8B8C-C3739D72F62C}.Debug|ARM.Build.0 = Debug|iPhone
		{023F1AD4-0256-4AAD-8B8C-C3739D72F62C}.Debug|ARM.Deploy.0 = Debug|iPhone
		{023F1AD4-0256-4AAD-8B8C-C3739D72F62C}.Debug|iPhone.ActiveCfg = Debug|iPhone
		{023F1AD4-0256-4AAD-8B8C-C3739D72F62C}.Debug|iPhone.Build.0 = Debug|iPhone
		{023F1AD4-0256-4AAD-8B8C-C3739D72F62C}.Debug|iPhone.Deploy.0 = Debug|iPhone
		{023F1AD4-0256-4AAD-8B8C-C3739D72F62C}.Debug|iPhoneSimulator.ActiveCfg = Debug|iPhoneSimulator
		{023F1AD4-0256-4AAD-8B8C-C3739D72F62C}.Debug|iPhoneSimulator.Build.0 = Debug|iPhoneSimulator
		{023F1AD4-0256-4AAD-8B8C-C3739D72F62C}.Debug|iPhoneSimulator.Deploy.0 = Debug|iPhoneSimulator
		{023F1AD4-0256-4AAD-8B8C-C3739D72F62C}.Debug|x64.ActiveCfg = Debug|iPhone
		{023F1AD4-0256-4AAD-8B8C-C3739D72F62C}.Debug|x64.Build.0 = Debug|iPhone
		{023F1AD4-0256-4AAD-8B8C-C3739D72F62C}.Debug|x64.Deploy.0 = Debug|iPhone
		{023F1AD4-0256-4AAD-8B8C-C3739D72F62C}.Debug|x86.ActiveCfg = Debug|iPhone
		{023F1AD4-0256-4AAD-8B8C-C3739D72F62C}.Debug|x86.Build.0 = Debug|iPhone
		{023F1AD4-0256-4AAD-8B8C-C3739D72F62C}.Debug|x86.Deploy.0 = Debug|iPhone
		{023F1AD4-0256-4AAD-8B8C-C3739D72F62C}.Release|Any CPU.ActiveCfg = Release|iPhone
		{023F1AD4-0256-4AAD-8B8C-C3739D72F62C}.Release|Any CPU.Build.0 = Release|iPhone
		{023F1AD4-0256-4AAD-8B8C-C3739D72F62C}.Release|Any CPU.Deploy.0 = Release|iPhone
		{023F1AD4-0256-4AAD-8B8C-C3739D72F62C}.Release|ARM.ActiveCfg = Release|iPhone
		{023F1AD4-0256-4AAD-8B8C-C3739D72F62C}.Release|ARM.Build.0 = Release|iPhone
		{023F1AD4-0256-4AAD-8B8C-C3739D72F62C}.Release|ARM.Deploy.0 = Release|iPhone
		{023F1AD4-0256-4AAD-8B8C-C3739D72F62C}.Release|iPhone.ActiveCfg = Release|iPhone
		{023F1AD4-0256-4AAD-8B8C-C3739D72F62C}.Release|iPhone.Build.0 = Release|iPhone
		{023F1AD4-0256-4AAD-8B8C-C3739D72F62C}.Release|iPhone.Deploy.0 = Release|iPhone
		{023F1AD4-0256-4AAD-8B8C-C3739D72F62C}.Release|iPhoneSimulator.ActiveCfg = Release|iPhoneSimulator
		{023F1AD4-0256-4AAD-8B8C-C3739D72F62C}.Release|iPhoneSimulator.Build.0 = Release|iPhoneSimulator
		{023F1AD4-0256-4AAD-8B8C-C3739D72F62C}.Release|iPhoneSimulator.Deploy.0 = Release|iPhoneSimulator
		{023F1AD4-0256-4AAD-8B8C-C3739D72F62C}.Release|x64.ActiveCfg = Release|iPhone
		{023F1AD4-0256-4AAD-8B8C-C3739D72F62C}.Release|x64.Build.0 = Release|iPhone
		{023F1AD4-0256-4AAD-8B8C-C3739D72F62C}.Release|x64.Deploy.0 = Release|iPhone
		{023F1AD4-0256-4AAD-8B8C-C3739D72F62C}.Release|x86.ActiveCfg = Release|iPhone
		{023F1AD4-0256-4AAD-8B8C-C3739D72F62C}.Release|x86.Build.0 = Release|iPhone
		{023F1AD4-0256-4AAD-8B8C-C3739D72F62C}.Release|x86.Deploy.0 = Release|iPhone
		{161286AC-6121-4A36-A5A0-BC8CB12EE22E}.Ad-Hoc|Any CPU.ActiveCfg = Release|x86
		{161286AC-6121-4A36-A5A0-BC8CB12EE22E}.Ad-Hoc|Any CPU.Build.0 = Release|x86
		{161286AC-6121-4A36-A5A0-BC8CB12EE22E}.Ad-Hoc|Any CPU.Deploy.0 = Release|x86
		{161286AC-6121-4A36-A5A0-BC8CB12EE22E}.Ad-Hoc|ARM.ActiveCfg = Release|ARM
		{161286AC-6121-4A36-A5A0-BC8CB12EE22E}.Ad-Hoc|ARM.Build.0 = Release|ARM
		{161286AC-6121-4A36-A5A0-BC8CB12EE22E}.Ad-Hoc|ARM.Deploy.0 = Release|ARM
		{161286AC-6121-4A36-A5A0-BC8CB12EE22E}.Ad-Hoc|iPhone.ActiveCfg = Release|x86
		{161286AC-6121-4A36-A5A0-BC8CB12EE22E}.Ad-Hoc|iPhone.Build.0 = Release|x86
		{161286AC-6121-4A36-A5A0-BC8CB12EE22E}.Ad-Hoc|iPhone.Deploy.0 = Release|x86
		{161286AC-6121-4A36-A5A0-BC8CB12EE22E}.Ad-Hoc|iPhoneSimulator.ActiveCfg = Release|x86
		{161286AC-6121-4A36-A5A0-BC8CB12EE22E}.Ad-Hoc|iPhoneSimulator.Build.0 = Release|x86
		{161286AC-6121-4A36-A5A0-BC8CB12EE22E}.Ad-Hoc|iPhoneSimulator.Deploy.0 = Release|x86
		{161286AC-6121-4A36-A5A0-BC8CB12EE22E}.Ad-Hoc|x64.ActiveCfg = Release|x64
		{161286AC-6121-4A36-A5A0-BC8CB12EE22E}.Ad-Hoc|x64.Build.0 = Release|x64
		{161286AC-6121-4A36-A5A0-BC8CB12EE22E}.Ad-Hoc|x64.Deploy.0 = Release|x64
		{161286AC-6121-4A36-A5A0-BC8CB12EE22E}.Ad-Hoc|x86.ActiveCfg = Release|x86
		{161286AC-6121-4A36-A5A0-BC8CB12EE22E}.Ad-Hoc|x86.Build.0 = Release|x86
		{161286AC-6121-4A36-A5A0-BC8CB12EE22E}.Ad-Hoc|x86.Deploy.0 = Release|x86
		{161286AC-6121-4A36-A5A0-BC8CB12EE22E}.AppStore|Any CPU.ActiveCfg = Release|x86
		{161286AC-6121-4A36-A5A0-BC8CB12EE22E}.AppStore|Any CPU.Build.0 = Release|x86
		{161286AC-6121-4A36-A5A0-BC8CB12EE22E}.AppStore|Any CPU.Deploy.0 = Release|x86
		{161286AC-6121-4A36-A5A0-BC8CB12EE22E}.AppStore|ARM.ActiveCfg = Release|ARM
		{161286AC-6121-4A36-A5A0-BC8CB12EE22E}.AppStore|ARM.Build.0 = Release|ARM
		{161286AC-6121-4A36-A5A0-BC8CB12EE22E}.AppStore|ARM.Deploy.0 = Release|ARM
		{161286AC-6121-4A36-A5A0-BC8CB12EE22E}.AppStore|iPhone.ActiveCfg = Release|x86
		{161286AC-6121-4A36-A5A0-BC8CB12EE22E}.AppStore|iPhone.Build.0 = Release|x86
		{161286AC-6121-4A36-A5A0-BC8CB12EE22E}.AppStore|iPhone.Deploy.0 = Release|x86
		{161286AC-6121-4A36-A5A0-BC8CB12EE22E}.AppStore|iPhoneSimulator.ActiveCfg = Release|x86
		{161286AC-6121-4A36-A5A0-BC8CB12EE22E}.AppStore|iPhoneSimulator.Build.0 = Release|x86
		{161286AC-6121-4A36-A5A0-BC8CB12EE22E}.AppStore|iPhoneSimulator.Deploy.0 = Release|x86
		{161286AC-6121-4A36-A5A0-BC8CB12EE22E}.AppStore|x64.ActiveCfg = Release|x64
		{161286AC-6121-4A36-A5A0-BC8CB12EE22E}.AppStore|x64.Build.0 = Release|x64
		{161286AC-6121-4A36-A5A0-BC8CB12EE22E}.AppStore|x64.Deploy.0 = Release|x64
		{161286AC-6121-4A36-A5A0-BC8CB12EE22E}.AppStore|x86.ActiveCfg = Release|x86
		{161286AC-6121-4A36-A5A0-BC8CB12EE22E}.AppStore|x86.Build.0 = Release|x86
		{161286AC-6121-4A36-A5A0-BC8CB12EE22E}.AppStore|x86.Deploy.0 = Release|x86
		{161286AC-6121-4A36-A5A0-BC8CB12EE22E}.Debug|Any CPU.ActiveCfg = Debug|x86
		{161286AC-6121-4A36-A5A0-BC8CB12EE22E}.Debug|Any CPU.Build.0 = Debug|x86
		{161286AC-6121-4A36-A5A0-BC8CB12EE22E}.Debug|Any CPU.Deploy.0 = Debug|x86
		{161286AC-6121-4A36-A5A0-BC8CB12EE22E}.Debug|ARM.ActiveCfg = Debug|ARM
		{161286AC-6121-4A36-A5A0-BC8CB12EE22E}.Debug|ARM.Build.0 = Debug|ARM
		{161286AC-6121-4A36-A5A0-BC8CB12EE22E}.Debug|ARM.Deploy.0 = Debug|ARM
		{161286AC-6121-4A36-A5A0-BC8CB12EE22E}.Debug|iPhone.ActiveCfg = Debug|x86
		{161286AC-6121-4A36-A5A0-BC8CB12EE22E}.Debug|iPhone.Build.0 = Debug|x86
		{161286AC-6121-4A36-A5A0-BC8CB12EE22E}.Debug|iPhone.Deploy.0 = Debug|x86
		{161286AC-6121-4A36-A5A0-BC8CB12EE22E}.Debug|iPhoneSimulator.ActiveCfg = Debug|x86
		{161286AC-6121-4A36-A5A0-BC8CB12EE22E}.Debug|iPhoneSimulator.Build.0 = Debug|x86
		{161286AC-6121-4A36-A5A0-BC8CB12EE22E}.Debug|iPhoneSimulator.Deploy.0 = Debug|x86
		{161286AC-6121-4A36-A5A0-BC8CB12EE22E}.Debug|x64.ActiveCfg = Debug|x64
		{161286AC-6121-4A36-A5A0-BC8CB12EE22E}.Debug|x64.Build.0 = Debug|x64
		{161286AC-6121-4A36-A5A0-BC8CB12EE22E}.Debug|x64.Deploy.0 = Debug|x64
		{161286AC-6121-4A36-A5A0-BC8CB12EE22E}.Debug|x86.ActiveCfg = Debug|x86
		{161286AC-6121-4A36-A5A0-BC8CB12EE22E}.Debug|x86.Build.0 = Debug|x86
		{161286AC-6121-4A36-A5A0-BC8CB12EE22E}.Debug|x86.Deploy.0 = Debug|x86
		{161286AC-6121-4A36-A5A0-BC8CB12EE22E}.Release|Any CPU.ActiveCfg = Release|x86
		{161286AC-6121-4A36-A5A0-BC8CB12EE22E}.Release|Any CPU.Build.0 = Release|x86
		{161286AC-6121-4A36-A5A0-BC8CB12EE22E}.Release|Any CPU.Deploy.0 = Release|x86
		{161286AC-6121-4A36-A5A0-BC8CB12EE22E}.Release|ARM.ActiveCfg = Release|ARM
		{161286AC-6121-4A36-A5A0-BC8CB12EE22E}.Release|ARM.Build.0 = Release|ARM
		{161286AC-6121-4A36-A5A0-BC8CB12EE22E}.Release|ARM.Deploy.0 = Release|ARM
		{161286AC-6121-4A36-A5A0-BC8CB12EE22E}.Release|iPhone.ActiveCfg = Release|x86
		{161286AC-6121-4A36-A5A0-BC8CB12EE22E}.Release|iPhone.Build.0 = Release|x86
		{161286AC-6121-4A36-A5A0-BC8CB12EE22E}.Release|iPhone.Deploy.0 = Release|x86
		{161286AC-6121-4A36-A5A0-BC8CB12EE22E}.Release|iPhoneSimulator.ActiveCfg = Release|x86
		{161286AC-6121-4A36-A5A0-BC8CB12EE22E}.Release|iPhoneSimulator.Build.0 = Release|x86
		{161286AC-6121-4A36-A5A0-BC8CB12EE22E}.Release|iPhoneSimulator.Deploy.0 = Release|x86
		{161286AC-6121-4A36-A5A0-BC8CB12EE22E}.Release|x64.ActiveCfg = Release|x64
		{161286AC-6121-4A36-A5A0-BC8CB12EE22E}.Release|x64.Build.0 = Release|x64
		{161286AC-6121-4A36-A5A0-BC8CB12EE22E}.Release|x64.Deploy.0 = Release|x64
		{161286AC-6121-4A36-A5A0-BC8CB12EE22E}.Release|x86.ActiveCfg = Release|x86
		{161286AC-6121-4A36-A5A0-BC8CB12EE22E}.Release|x86.Build.0 = Release|x86
		{161286AC-6121-4A36-A5A0-BC8CB12EE22E}.Release|x86.Deploy.0 = Release|x86
		{85D0412B-8E9C-4D29-81FF-ED0DE795764F}.Ad-Hoc|Any CPU.ActiveCfg = Debug|Any CPU
		{85D0412B-8E9C-4D29-81FF-ED0DE795764F}.Ad-Hoc|Any CPU.Build.0 = Debug|Any CPU
		{85D0412B-8E9C-4D29-81FF-ED0DE795764F}.Ad-Hoc|Any CPU.Deploy.0 = Debug|Any CPU
		{85D0412B-8E9C-4D29-81FF-ED0DE795764F}.Ad-Hoc|ARM.ActiveCfg = Debug|Any CPU
		{85D0412B-8E9C-4D29-81FF-ED0DE795764F}.Ad-Hoc|ARM.Build.0 = Debug|Any CPU
		{85D0412B-8E9C-4D29-81FF-ED0DE795764F}.Ad-Hoc|ARM.Deploy.0 = Debug|Any CPU
		{85D0412B-8E9C-4D29-81FF-ED0DE795764F}.Ad-Hoc|iPhone.ActiveCfg = Debug|Any CPU
		{85D0412B-8E9C-4D29-81FF-ED0DE795764F}.Ad-Hoc|iPhone.Build.0 = Debug|Any CPU
		{85D0412B-8E9C-4D29-81FF-ED0DE795764F}.Ad-Hoc|iPhone.Deploy.0 = Debug|Any CPU
		{85D0412B-8E9C-4D29-81FF-ED0DE795764F}.Ad-Hoc|iPhoneSimulator.ActiveCfg = Debug|Any CPU
		{85D0412B-8E9C-4D29-81FF-ED0DE795764F}.Ad-Hoc|iPhoneSimulator.Build.0 = Debug|Any CPU
		{85D0412B-8E9C-4D29-81FF-ED0DE795764F}.Ad-Hoc|iPhoneSimulator.Deploy.0 = Debug|Any CPU
		{85D0412B-8E9C-4D29-81FF-ED0DE795764F}.Ad-Hoc|x64.ActiveCfg = Debug|Any CPU
		{85D0412B-8E9C-4D29-81FF-ED0DE795764F}.Ad-Hoc|x64.Build.0 = Debug|Any CPU
		{85D0412B-8E9C-4D29-81FF-ED0DE795764F}.Ad-Hoc|x64.Deploy.0 = Debug|Any CPU
		{85D0412B-8E9C-4D29-81FF-ED0DE795764F}.Ad-Hoc|x86.ActiveCfg = Debug|Any CPU
		{85D0412B-8E9C-4D29-81FF-ED0DE795764F}.Ad-Hoc|x86.Build.0 = Debug|Any CPU
		{85D0412B-8E9C-4D29-81FF-ED0DE795764F}.Ad-Hoc|x86.Deploy.0 = Debug|Any CPU
		{85D0412B-8E9C-4D29-81FF-ED0DE795764F}.AppStore|Any CPU.ActiveCfg = Debug|Any CPU
		{85D0412B-8E9C-4D29-81FF-ED0DE795764F}.AppStore|Any CPU.Build.0 = Debug|Any CPU
		{85D0412B-8E9C-4D29-81FF-ED0DE795764F}.AppStore|Any CPU.Deploy.0 = Debug|Any CPU
		{85D0412B-8E9C-4D29-81FF-ED0DE795764F}.AppStore|ARM.ActiveCfg = Debug|Any CPU
		{85D0412B-8E9C-4D29-81FF-ED0DE795764F}.AppStore|ARM.Build.0 = Debug|Any CPU
		{85D0412B-8E9C-4D29-81FF-ED0DE795764F}.AppStore|ARM.Deploy.0 = Debug|Any CPU
		{85D0412B-8E9C-4D29-81FF-ED0DE795764F}.AppStore|iPhone.ActiveCfg = Debug|Any CPU
		{85D0412B-8E9C-4D29-81FF-ED0DE795764F}.AppStore|iPhone.Build.0 = Debug|Any CPU
		{85D0412B-8E9C-4D29-81FF-ED0DE795764F}.AppStore|iPhone.Deploy.0 = Debug|Any CPU
		{85D0412B-8E9C-4D29-81FF-ED0DE795764F}.AppStore|iPhoneSimulator.ActiveCfg = Debug|Any CPU
		{85D0412B-8E9C-4D29-81FF-ED0DE795764F}.AppStore|iPhoneSimulator.Build.0 = Debug|Any CPU
		{85D0412B-8E9C-4D29-81FF-ED0DE795764F}.AppStore|iPhoneSimulator.Deploy.0 = Debug|Any CPU
		{85D0412B-8E9C-4D29-81FF-ED0DE795764F}.AppStore|x64.ActiveCfg = Debug|Any CPU
		{85D0412B-8E9C-4D29-81FF-ED0DE795764F}.AppStore|x64.Build.0 = Debug|Any CPU
		{85D0412B-8E9C-4D29-81FF-ED0DE795764F}.AppStore|x64.Deploy.0 = Debug|Any CPU
		{85D0412B-8E9C-4D29-81FF-ED0DE795764F}.AppStore|x86.ActiveCfg = Debug|Any CPU
		{85D0412B-8E9C-4D29-81FF-ED0DE795764F}.AppStore|x86.Build.0 = Debug|Any CPU
		{85D0412B-8E9C-4D29-81FF-ED0DE795764F}.AppStore|x86.Deploy.0 = Debug|Any CPU
		{85D0412B-8E9C-4D29-81FF-ED0DE795764F}.Debug|Any CPU.ActiveCfg = Debug|Any CPU
		{85D0412B-8E9C-4D29-81FF-ED0DE795764F}.Debug|Any CPU.Build.0 = Debug|Any CPU
		{85D0412B-8E9C-4D29-81FF-ED0DE795764F}.Debug|Any CPU.Deploy.0 = Debug|Any CPU
		{85D0412B-8E9C-4D29-81FF-ED0DE795764F}.Debug|ARM.ActiveCfg = Debug|Any CPU
		{85D0412B-8E9C-4D29-81FF-ED0DE795764F}.Debug|ARM.Build.0 = Debug|Any CPU
		{85D0412B-8E9C-4D29-81FF-ED0DE795764F}.Debug|ARM.Deploy.0 = Debug|Any CPU
		{85D0412B-8E9C-4D29-81FF-ED0DE795764F}.Debug|iPhone.ActiveCfg = Debug|Any CPU
		{85D0412B-8E9C-4D29-81FF-ED0DE795764F}.Debug|iPhone.Build.0 = Debug|Any CPU
		{85D0412B-8E9C-4D29-81FF-ED0DE795764F}.Debug|iPhone.Deploy.0 = Debug|Any CPU
		{85D0412B-8E9C-4D29-81FF-ED0DE795764F}.Debug|iPhoneSimulator.ActiveCfg = Debug|Any CPU
		{85D0412B-8E9C-4D29-81FF-ED0DE795764F}.Debug|iPhoneSimulator.Build.0 = Debug|Any CPU
		{85D0412B-8E9C-4D29-81FF-ED0DE795764F}.Debug|iPhoneSimulator.Deploy.0 = Debug|Any CPU
		{85D0412B-8E9C-4D29-81FF-ED0DE795764F}.Debug|x64.ActiveCfg = Debug|Any CPU
		{85D0412B-8E9C-4D29-81FF-ED0DE795764F}.Debug|x64.Build.0 = Debug|Any CPU
		{85D0412B-8E9C-4D29-81FF-ED0DE795764F}.Debug|x64.Deploy.0 = Debug|Any CPU
		{85D0412B-8E9C-4D29-81FF-ED0DE795764F}.Debug|x86.ActiveCfg = Debug|Any CPU
		{85D0412B-8E9C-4D29-81FF-ED0DE795764F}.Debug|x86.Build.0 = Debug|Any CPU
		{85D0412B-8E9C-4D29-81FF-ED0DE795764F}.Debug|x86.Deploy.0 = Debug|Any CPU
		{85D0412B-8E9C-4D29-81FF-ED0DE795764F}.Release|Any CPU.ActiveCfg = Release|Any CPU
		{85D0412B-8E9C-4D29-81FF-ED0DE795764F}.Release|Any CPU.Build.0 = Release|Any CPU
		{85D0412B-8E9C-4D29-81FF-ED0DE795764F}.Release|Any CPU.Deploy.0 = Release|Any CPU
		{85D0412B-8E9C-4D29-81FF-ED0DE795764F}.Release|ARM.ActiveCfg = Release|Any CPU
		{85D0412B-8E9C-4D29-81FF-ED0DE795764F}.Release|ARM.Build.0 = Release|Any CPU
		{85D0412B-8E9C-4D29-81FF-ED0DE795764F}.Release|ARM.Deploy.0 = Release|Any CPU
		{85D0412B-8E9C-4D29-81FF-ED0DE795764F}.Release|iPhone.ActiveCfg = Release|Any CPU
		{85D0412B-8E9C-4D29-81FF-ED0DE795764F}.Release|iPhone.Build.0 = Release|Any CPU
		{85D0412B-8E9C-4D29-81FF-ED0DE795764F}.Release|iPhone.Deploy.0 = Release|Any CPU
		{85D0412B-8E9C-4D29-81FF-ED0DE795764F}.Release|iPhoneSimulator.ActiveCfg = Release|Any CPU
		{85D0412B-8E9C-4D29-81FF-ED0DE795764F}.Release|iPhoneSimulator.Build.0 = Release|Any CPU
		{85D0412B-8E9C-4D29-81FF-ED0DE795764F}.Release|iPhoneSimulator.Deploy.0 = Release|Any CPU
		{85D0412B-8E9C-4D29-81FF-ED0DE795764F}.Release|x64.ActiveCfg = Release|Any CPU
		{85D0412B-8E9C-4D29-81FF-ED0DE795764F}.Release|x64.Build.0 = Release|Any CPU
		{85D0412B-8E9C-4D29-81FF-ED0DE795764F}.Release|x64.Deploy.0 = Release|Any CPU
		{85D0412B-8E9C-4D29-81FF-ED0DE795764F}.Release|x86.ActiveCfg = Release|Any CPU
		{85D0412B-8E9C-4D29-81FF-ED0DE795764F}.Release|x86.Build.0 = Release|Any CPU
		{85D0412B-8E9C-4D29-81FF-ED0DE795764F}.Release|x86.Deploy.0 = Release|Any CPU
	EndGlobalSection
	GlobalSection(SolutionProperties) = preSolution
		HideSolutionNode = FALSE
	EndGlobalSection
	GlobalSection(ExtensibilityGlobals) = postSolution
		SolutionGuid = {D7402E84-C7B8-43D0-8E96-707747DB35ED}
	EndGlobalSection
EndGlobal
